
Microsoft Visual Studio Solution File, Format Version 12.00
# Visual Studio 15
VisualStudioVersion = 15.0.28307.168
MinimumVisualStudioVersion = 10.0.40219.1
Project("{FAE04EC0-301F-11D3-BF4B-00C04F79EFBC}") = "HelloCSharp", "HelloCSharp\HelloCSharp.csproj", "{2A7B738E-8490-4D7B-B0C4-8E1B51BAEC13}"
EndProject
Project("{FAE04EC0-301F-11D3-BF4B-00C04F79EFBC}") = "CsharpTDD", "..\CsharpTDD\CsharpTDD.csproj", "{51D87E76-2990-4CDD-9C76-254C937E380E}"
EndProject
Global
	GlobalSection(SolutionConfigurationPlatforms) = preSolution
		Debug|Any CPU = Debug|Any CPU
		Release|Any CPU = Release|Any CPU
	EndGlobalSection
	GlobalSection(ProjectConfigurationPlatforms) = postSolution
		{2A7B738E-8490-4D7B-B0C4-8E1B51BAEC13}.Debug|Any CPU.ActiveCfg = Debug|Any CPU
		{2A7B738E-8490-4D7B-B0C4-8E1B51BAEC13}.Debug|Any CPU.Build.0 = Debug|Any CPU
		{2A7B738E-8490-4D7B-B0C4-8E1B51BAEC13}.Release|Any CPU.ActiveCfg = Release|Any CPU
		{2A7B738E-8490-4D7B-B0C4-8E1B51BAEC13}.Release|Any CPU.Build.0 = Release|Any CPU
		{51D87E76-2990-4CDD-9C76-254C937E380E}.Debug|Any CPU.ActiveCfg = Debug|Any CPU
		{51D87E76-2990-4CDD-9C76-254C937E380E}.Debug|Any CPU.Build.0 = Debug|Any CPU
		{51D87E76-2990-4CDD-9C76-254C937E380E}.Release|Any CPU.ActiveCfg = Release|Any CPU
		{51D87E76-2990-4CDD-9C76-254C937E380E}.Release|Any CPU.Build.0 = Release|Any CPU
	EndGlobalSection
	GlobalSection(SolutionProperties) = preSolution
		HideSolutionNode = FALSE
	EndGlobalSection
	GlobalSection(ExtensibilityGlobals) = postSolution
		SolutionGuid = {3B286E7B-12DB-41D6-9E47-BADE7387F5F2}
	EndGlobalSection
EndGlobal
